// !$*UTF8*$!
{
	archiveVersion = 1;
	classes = {
	};
	objectVersion = 56;
	objects = {

/* Begin PBXBuildFile section */
		ABB37B3D2C4E69590053FD99 /* CollectionTableViewCell.swift in Sources */ = {isa = PBXBuildFile; fileRef = ABB37B3C2C4E69590053FD99 /* CollectionTableViewCell.swift */; };
		ABB37B412C4E697A0053FD99 /* MovieViewController.swift in Sources */ = {isa = PBXBuildFile; fileRef = ABB37B402C4E697A0053FD99 /* MovieViewController.swift */; };
		C72BFAFD2C4F313000D1ABFB /* MovieService.swift in Sources */ = {isa = PBXBuildFile; fileRef = C72BFAFC2C4F313000D1ABFB /* MovieService.swift */; };
		C72BFAFF2C4F322A00D1ABFB /* MovieDetailController.swift in Sources */ = {isa = PBXBuildFile; fileRef = C72BFAFE2C4F322A00D1ABFB /* MovieDetailController.swift */; };
		C72BFB052C4F3A9200D1ABFB /* MovieSearchController.swift in Sources */ = {isa = PBXBuildFile; fileRef = C72BFB042C4F3A9200D1ABFB /* MovieSearchController.swift */; };
		C72BFB072C4F3AAD00D1ABFB /* MyAccountController.swift in Sources */ = {isa = PBXBuildFile; fileRef = C72BFB062C4F3AAD00D1ABFB /* MyAccountController.swift */; };
		C72BFB092C4F4A5A00D1ABFB /* MovieCollectionCell.swift in Sources */ = {isa = PBXBuildFile; fileRef = C72BFB082C4F4A5A00D1ABFB /* MovieCollectionCell.swift */; };
		CA352E1E2C4E36790058AB23 /* LoginView.swift in Sources */ = {isa = PBXBuildFile; fileRef = CA352E1D2C4E36790058AB23 /* LoginView.swift */; };
		CA352E202C4E439E0058AB23 /* UserDefaults.swift in Sources */ = {isa = PBXBuildFile; fileRef = CA352E1F2C4E439E0058AB23 /* UserDefaults.swift */; };
		CA352E232C4E44460058AB23 /* SingUp.swift in Sources */ = {isa = PBXBuildFile; fileRef = CA352E222C4E44460058AB23 /* SingUp.swift */; };
		CA352E2B2C4E497B0058AB23 /* MainViewController.swift in Sources */ = {isa = PBXBuildFile; fileRef = CA352E2A2C4E497B0058AB23 /* MainViewController.swift */; };
		DBFA3D072C4E2F7600879D62 /* AppDelegate.swift in Sources */ = {isa = PBXBuildFile; fileRef = DBFA3D062C4E2F7600879D62 /* AppDelegate.swift */; };
		DBFA3D092C4E2F7600879D62 /* SceneDelegate.swift in Sources */ = {isa = PBXBuildFile; fileRef = DBFA3D082C4E2F7600879D62 /* SceneDelegate.swift */; };
		DBFA3D0B2C4E2F7600879D62 /* ViewController.swift in Sources */ = {isa = PBXBuildFile; fileRef = DBFA3D0A2C4E2F7600879D62 /* ViewController.swift */; };
		DBFA3D112C4E2F7600879D62 /* MovieBookingApp.xcdatamodeld in Sources */ = {isa = PBXBuildFile; fileRef = DBFA3D0F2C4E2F7600879D62 /* MovieBookingApp.xcdatamodeld */; };
		DBFA3D132C4E2F7700879D62 /* Assets.xcassets in Resources */ = {isa = PBXBuildFile; fileRef = DBFA3D122C4E2F7700879D62 /* Assets.xcassets */; };
		DBFA3D162C4E2F7700879D62 /* Base in Resources */ = {isa = PBXBuildFile; fileRef = DBFA3D152C4E2F7700879D62 /* Base */; };
		E66C28132C4E433E00817406 /* SnapKit in Frameworks */ = {isa = PBXBuildFile; productRef = E66C28122C4E433E00817406 /* SnapKit */; };
/* End PBXBuildFile section */

/* Begin PBXFileReference section */
		ABB37B3C2C4E69590053FD99 /* CollectionTableViewCell.swift */ = {isa = PBXFileReference; lastKnownFileType = sourcecode.swift; path = CollectionTableViewCell.swift; sourceTree = "<group>"; };
		ABB37B402C4E697A0053FD99 /* MovieViewController.swift */ = {isa = PBXFileReference; lastKnownFileType = sourcecode.swift; path = MovieViewController.swift; sourceTree = "<group>"; };
		C72BFAFC2C4F313000D1ABFB /* MovieService.swift */ = {isa = PBXFileReference; lastKnownFileType = sourcecode.swift; path = MovieService.swift; sourceTree = "<group>"; };
		C72BFAFE2C4F322A00D1ABFB /* MovieDetailController.swift */ = {isa = PBXFileReference; lastKnownFileType = sourcecode.swift; path = MovieDetailController.swift; sourceTree = "<group>"; };
		C72BFB042C4F3A9200D1ABFB /* MovieSearchController.swift */ = {isa = PBXFileReference; lastKnownFileType = sourcecode.swift; path = MovieSearchController.swift; sourceTree = "<group>"; };
		C72BFB062C4F3AAD00D1ABFB /* MyAccountController.swift */ = {isa = PBXFileReference; lastKnownFileType = sourcecode.swift; path = MyAccountController.swift; sourceTree = "<group>"; };
		C72BFB082C4F4A5A00D1ABFB /* MovieCollectionCell.swift */ = {isa = PBXFileReference; lastKnownFileType = sourcecode.swift; path = MovieCollectionCell.swift; sourceTree = "<group>"; };
		CA352E1D2C4E36790058AB23 /* LoginView.swift */ = {isa = PBXFileReference; lastKnownFileType = sourcecode.swift; path = LoginView.swift; sourceTree = "<group>"; };
		CA352E1F2C4E439E0058AB23 /* UserDefaults.swift */ = {isa = PBXFileReference; lastKnownFileType = sourcecode.swift; path = UserDefaults.swift; sourceTree = "<group>"; };
		CA352E222C4E44460058AB23 /* SingUp.swift */ = {isa = PBXFileReference; lastKnownFileType = sourcecode.swift; path = SingUp.swift; sourceTree = "<group>"; };
		CA352E2A2C4E497B0058AB23 /* MainViewController.swift */ = {isa = PBXFileReference; lastKnownFileType = sourcecode.swift; path = MainViewController.swift; sourceTree = "<group>"; };
		DBFA3D032C4E2F7600879D62 /* MovieBookingApp.app */ = {isa = PBXFileReference; explicitFileType = wrapper.application; includeInIndex = 0; path = MovieBookingApp.app; sourceTree = BUILT_PRODUCTS_DIR; };
		DBFA3D062C4E2F7600879D62 /* AppDelegate.swift */ = {isa = PBXFileReference; lastKnownFileType = sourcecode.swift; path = AppDelegate.swift; sourceTree = "<group>"; };
		DBFA3D082C4E2F7600879D62 /* SceneDelegate.swift */ = {isa = PBXFileReference; lastKnownFileType = sourcecode.swift; path = SceneDelegate.swift; sourceTree = "<group>"; };
		DBFA3D0A2C4E2F7600879D62 /* ViewController.swift */ = {isa = PBXFileReference; lastKnownFileType = sourcecode.swift; path = ViewController.swift; sourceTree = "<group>"; };
		DBFA3D102C4E2F7600879D62 /* MovieBookingApp.xcdatamodel */ = {isa = PBXFileReference; lastKnownFileType = wrapper.xcdatamodel; path = MovieBookingApp.xcdatamodel; sourceTree = "<group>"; };
		DBFA3D122C4E2F7700879D62 /* Assets.xcassets */ = {isa = PBXFileReference; lastKnownFileType = folder.assetcatalog; path = Assets.xcassets; sourceTree = "<group>"; };
		DBFA3D152C4E2F7700879D62 /* Base */ = {isa = PBXFileReference; lastKnownFileType = file.storyboard; name = Base; path = Base.lproj/LaunchScreen.storyboard; sourceTree = "<group>"; };
		DBFA3D172C4E2F7700879D62 /* Info.plist */ = {isa = PBXFileReference; lastKnownFileType = text.plist.xml; path = Info.plist; sourceTree = "<group>"; };
/* End PBXFileReference section */

/* Begin PBXFrameworksBuildPhase section */
		DBFA3D002C4E2F7600879D62 /* Frameworks */ = {
			isa = PBXFrameworksBuildPhase;
			buildActionMask = 2147483647;
			files = (
				E66C28132C4E433E00817406 /* SnapKit in Frameworks */,
			);
			runOnlyForDeploymentPostprocessing = 0;
		};
/* End PBXFrameworksBuildPhase section */

/* Begin PBXGroup section */
		ABB37B392C4E69060053FD99 /* firstPage */ = {
			isa = PBXGroup;
			children = (
				ABB37B3C2C4E69590053FD99 /* CollectionTableViewCell.swift */,
				ABB37B402C4E697A0053FD99 /* MovieViewController.swift */,
				C72BFAFE2C4F322A00D1ABFB /* MovieDetailController.swift */,
				C72BFB042C4F3A9200D1ABFB /* MovieSearchController.swift */,
				C72BFB082C4F4A5A00D1ABFB /* MovieCollectionCell.swift */,
				C72BFB062C4F3AAD00D1ABFB /* MyAccountController.swift */,
			);
			path = firstPage;
			sourceTree = "<group>";
		};
		C72BFB0A2C4F6F8800D1ABFB /* Network */ = {
			isa = PBXGroup;
			children = (
				C72BFAFC2C4F313000D1ABFB /* MovieService.swift */,
			);
			path = Network;
			sourceTree = "<group>";
		};
		CA352E212C4E43E50058AB23 /* Login */ = {
			isa = PBXGroup;
			children = (
				CA352E1D2C4E36790058AB23 /* LoginView.swift */,
				CA352E1F2C4E439E0058AB23 /* UserDefaults.swift */,
				CA352E222C4E44460058AB23 /* SingUp.swift */,
				CA352E2A2C4E497B0058AB23 /* MainViewController.swift */,
			);
			path = Login;
			sourceTree = "<group>";
		};
		DBFA3CFA2C4E2F7600879D62 = {
			isa = PBXGroup;
			children = (
				DBFA3D052C4E2F7600879D62 /* MovieBookingApp */,
				DBFA3D042C4E2F7600879D62 /* Products */,
			);
			sourceTree = "<group>";
		};
		DBFA3D042C4E2F7600879D62 /* Products */ = {
			isa = PBXGroup;
			children = (
				DBFA3D032C4E2F7600879D62 /* MovieBookingApp.app */,
			);
			name = Products;
			sourceTree = "<group>";
		};
		DBFA3D052C4E2F7600879D62 /* MovieBookingApp */ = {
			isa = PBXGroup;
			children = (
				DBFA3D062C4E2F7600879D62 /* AppDelegate.swift */,
				DBFA3D082C4E2F7600879D62 /* SceneDelegate.swift */,
				DBFA3D0A2C4E2F7600879D62 /* ViewController.swift */,
				CA352E212C4E43E50058AB23 /* Login */,
				ABB37B392C4E69060053FD99 /* firstPage */,
				C72BFB0A2C4F6F8800D1ABFB /* Network */,
				DBFA3D122C4E2F7700879D62 /* Assets.xcassets */,
				DBFA3D142C4E2F7700879D62 /* LaunchScreen.storyboard */,
				DBFA3D172C4E2F7700879D62 /* Info.plist */,
				DBFA3D0F2C4E2F7600879D62 /* MovieBookingApp.xcdatamodeld */,
			);
			path = MovieBookingApp;
			sourceTree = "<group>";
		};
/* End PBXGroup section */

/* Begin PBXNativeTarget section */
		DBFA3D022C4E2F7600879D62 /* MovieBookingApp */ = {
			isa = PBXNativeTarget;
			buildConfigurationList = DBFA3D1A2C4E2F7700879D62 /* Build configuration list for PBXNativeTarget "MovieBookingApp" */;
			buildPhases = (
				DBFA3CFF2C4E2F7600879D62 /* Sources */,
				DBFA3D002C4E2F7600879D62 /* Frameworks */,
				DBFA3D012C4E2F7600879D62 /* Resources */,
			);
			buildRules = (
			);
			dependencies = (
			);
			name = MovieBookingApp;
			packageProductDependencies = (
				E66C28122C4E433E00817406 /* SnapKit */,
			);
			productName = MovieBookingApp;
			productReference = DBFA3D032C4E2F7600879D62 /* MovieBookingApp.app */;
			productType = "com.apple.product-type.application";
		};
/* End PBXNativeTarget section */

/* Begin PBXProject section */
		DBFA3CFB2C4E2F7600879D62 /* Project object */ = {
			isa = PBXProject;
			attributes = {
				BuildIndependentTargetsInParallel = 1;
				LastSwiftUpdateCheck = 1540;
				LastUpgradeCheck = 1540;
				TargetAttributes = {
					DBFA3D022C4E2F7600879D62 = {
						CreatedOnToolsVersion = 15.4;
					};
				};
			};
			buildConfigurationList = DBFA3CFE2C4E2F7600879D62 /* Build configuration list for PBXProject "MovieBookingApp" */;
			compatibilityVersion = "Xcode 14.0";
			developmentRegion = en;
			hasScannedForEncodings = 0;
			knownRegions = (
				en,
				Base,
			);
			mainGroup = DBFA3CFA2C4E2F7600879D62;
			packageReferences = (
				E66C28112C4E433E00817406 /* XCRemoteSwiftPackageReference "SnapKit" */,
			);
			productRefGroup = DBFA3D042C4E2F7600879D62 /* Products */;
			projectDirPath = "";
			projectRoot = "";
			targets = (
				DBFA3D022C4E2F7600879D62 /* MovieBookingApp */,
			);
		};
/* End PBXProject section */

/* Begin PBXResourcesBuildPhase section */
		DBFA3D012C4E2F7600879D62 /* Resources */ = {
			isa = PBXResourcesBuildPhase;
			buildActionMask = 2147483647;
			files = (
				DBFA3D132C4E2F7700879D62 /* Assets.xcassets in Resources */,
				DBFA3D162C4E2F7700879D62 /* Base in Resources */,
			);
			runOnlyForDeploymentPostprocessing = 0;
		};
/* End PBXResourcesBuildPhase section */

/* Begin PBXSourcesBuildPhase section */
		DBFA3CFF2C4E2F7600879D62 /* Sources */ = {
			isa = PBXSourcesBuildPhase;
			buildActionMask = 2147483647;
			files = (
				C72BFB092C4F4A5A00D1ABFB /* MovieCollectionCell.swift in Sources */,
				CA352E232C4E44460058AB23 /* SingUp.swift in Sources */,
				DBFA3D0B2C4E2F7600879D62 /* ViewController.swift in Sources */,
				CA352E1E2C4E36790058AB23 /* LoginView.swift in Sources */,
				ABB37B3D2C4E69590053FD99 /* CollectionTableViewCell.swift in Sources */,
				CA352E202C4E439E0058AB23 /* UserDefaults.swift in Sources */,
				DBFA3D072C4E2F7600879D62 /* AppDelegate.swift in Sources */,
				DBFA3D112C4E2F7600879D62 /* MovieBookingApp.xcdatamodeld in Sources */,
				C72BFB052C4F3A9200D1ABFB /* MovieSearchController.swift in Sources */,
				DBFA3D092C4E2F7600879D62 /* SceneDelegate.swift in Sources */,
				CA352E2B2C4E497B0058AB23 /* MainViewController.swift in Sources */,
				C72BFAFF2C4F322A00D1ABFB /* MovieDetailController.swift in Sources */,
				C72BFB072C4F3AAD00D1ABFB /* MyAccountController.swift in Sources */,
				C72BFAFD2C4F313000D1ABFB /* MovieService.swift in Sources */,
				ABB37B412C4E697A0053FD99 /* MovieViewController.swift in Sources */,
			);
			runOnlyForDeploymentPostprocessing = 0;
		};
/* End PBXSourcesBuildPhase section */

/* Begin PBXVariantGroup section */
		DBFA3D142C4E2F7700879D62 /* LaunchScreen.storyboard */ = {
			isa = PBXVariantGroup;
			children = (
				DBFA3D152C4E2F7700879D62 /* Base */,
			);
			name = LaunchScreen.storyboard;
			sourceTree = "<group>";
		};
/* End PBXVariantGroup section */

/* Begin XCBuildConfiguration section */
		DBFA3D182C4E2F7700879D62 /* Debug */ = {
			isa = XCBuildConfiguration;
			buildSettings = {
				ALWAYS_SEARCH_USER_PATHS = NO;
				ASSETCATALOG_COMPILER_GENERATE_SWIFT_ASSET_SYMBOL_EXTENSIONS = YES;
				CLANG_ANALYZER_NONNULL = YES;
				CLANG_ANALYZER_NUMBER_OBJECT_CONVERSION = YES_AGGRESSIVE;
				CLANG_CXX_LANGUAGE_STANDARD = "gnu++20";
				CLANG_ENABLE_MODULES = YES;
				CLANG_ENABLE_OBJC_ARC = YES;
				CLANG_ENABLE_OBJC_WEAK = YES;
				CLANG_WARN_BLOCK_CAPTURE_AUTORELEASING = YES;
				CLANG_WARN_BOOL_CONVERSION = YES;
				CLANG_WARN_COMMA = YES;
				CLANG_WARN_CONSTANT_CONVERSION = YES;
				CLANG_WARN_DEPRECATED_OBJC_IMPLEMENTATIONS = YES;
				CLANG_WARN_DIRECT_OBJC_ISA_USAGE = YES_ERROR;
				CLANG_WARN_DOCUMENTATION_COMMENTS = YES;
				CLANG_WARN_EMPTY_BODY = YES;
				CLANG_WARN_ENUM_CONVERSION = YES;
				CLANG_WARN_INFINITE_RECURSION = YES;
				CLANG_WARN_INT_CONVERSION = YES;
				CLANG_WARN_NON_LITERAL_NULL_CONVERSION = YES;
				CLANG_WARN_OBJC_IMPLICIT_RETAIN_SELF = YES;
				CLANG_WARN_OBJC_LITERAL_CONVERSION = YES;
				CLANG_WARN_OBJC_ROOT_CLASS = YES_ERROR;
				CLANG_WARN_QUOTED_INCLUDE_IN_FRAMEWORK_HEADER = YES;
				CLANG_WARN_RANGE_LOOP_ANALYSIS = YES;
				CLANG_WARN_STRICT_PROTOTYPES = YES;
				CLANG_WARN_SUSPICIOUS_MOVE = YES;
				CLANG_WARN_UNGUARDED_AVAILABILITY = YES_AGGRESSIVE;
				CLANG_WARN_UNREACHABLE_CODE = YES;
				CLANG_WARN__DUPLICATE_METHOD_MATCH = YES;
				COPY_PHASE_STRIP = NO;
				DEBUG_INFORMATION_FORMAT = dwarf;
				ENABLE_STRICT_OBJC_MSGSEND = YES;
				ENABLE_TESTABILITY = YES;
				ENABLE_USER_SCRIPT_SANDBOXING = YES;
				GCC_C_LANGUAGE_STANDARD = gnu17;
				GCC_DYNAMIC_NO_PIC = NO;
				GCC_NO_COMMON_BLOCKS = YES;
				GCC_OPTIMIZATION_LEVEL = 0;
				GCC_PREPROCESSOR_DEFINITIONS = (
					"DEBUG=1",
					"$(inherited)",
				);
				GCC_WARN_64_TO_32_BIT_CONVERSION = YES;
				GCC_WARN_ABOUT_RETURN_TYPE = YES_ERROR;
				GCC_WARN_UNDECLARED_SELECTOR = YES;
				GCC_WARN_UNINITIALIZED_AUTOS = YES_AGGRESSIVE;
				GCC_WARN_UNUSED_FUNCTION = YES;
				GCC_WARN_UNUSED_VARIABLE = YES;
				IPHONEOS_DEPLOYMENT_TARGET = 17.5;
				LOCALIZATION_PREFERS_STRING_CATALOGS = YES;
				MTL_ENABLE_DEBUG_INFO = INCLUDE_SOURCE;
				MTL_FAST_MATH = YES;
				ONLY_ACTIVE_ARCH = YES;
				SDKROOT = iphoneos;
				SWIFT_ACTIVE_COMPILATION_CONDITIONS = "DEBUG $(inherited)";
				SWIFT_OPTIMIZATION_LEVEL = "-Onone";
			};
			name = Debug;
		};
		DBFA3D192C4E2F7700879D62 /* Release */ = {
			isa = XCBuildConfiguration;
			buildSettings = {
				ALWAYS_SEARCH_USER_PATHS = NO;
				ASSETCATALOG_COMPILER_GENERATE_SWIFT_ASSET_SYMBOL_EXTENSIONS = YES;
				CLANG_ANALYZER_NONNULL = YES;
				CLANG_ANALYZER_NUMBER_OBJECT_CONVERSION = YES_AGGRESSIVE;
				CLANG_CXX_LANGUAGE_STANDARD = "gnu++20";
				CLANG_ENABLE_MODULES = YES;
				CLANG_ENABLE_OBJC_ARC = YES;
				CLANG_ENABLE_OBJC_WEAK = YES;
				CLANG_WARN_BLOCK_CAPTURE_AUTORELEASING = YES;
				CLANG_WARN_BOOL_CONVERSION = YES;
				CLANG_WARN_COMMA = YES;
				CLANG_WARN_CONSTANT_CONVERSION = YES;
				CLANG_WARN_DEPRECATED_OBJC_IMPLEMENTATIONS = YES;
				CLANG_WARN_DIRECT_OBJC_ISA_USAGE = YES_ERROR;
				CLANG_WARN_DOCUMENTATION_COMMENTS = YES;
				CLANG_WARN_EMPTY_BODY = YES;
				CLANG_WARN_ENUM_CONVERSION = YES;
				CLANG_WARN_INFINITE_RECURSION = YES;
				CLANG_WARN_INT_CONVERSION = YES;
				CLANG_WARN_NON_LITERAL_NULL_CONVERSION = YES;
				CLANG_WARN_OBJC_IMPLICIT_RETAIN_SELF = YES;
				CLANG_WARN_OBJC_LITERAL_CONVERSION = YES;
				CLANG_WARN_OBJC_ROOT_CLASS = YES_ERROR;
				CLANG_WARN_QUOTED_INCLUDE_IN_FRAMEWORK_HEADER = YES;
				CLANG_WARN_RANGE_LOOP_ANALYSIS = YES;
				CLANG_WARN_STRICT_PROTOTYPES = YES;
				CLANG_WARN_SUSPICIOUS_MOVE = YES;
				CLANG_WARN_UNGUARDED_AVAILABILITY = YES_AGGRESSIVE;
				CLANG_WARN_UNREACHABLE_CODE = YES;
				CLANG_WARN__DUPLICATE_METHOD_MATCH = YES;
				COPY_PHASE_STRIP = NO;
				DEBUG_INFORMATION_FORMAT = "dwarf-with-dsym";
				ENABLE_NS_ASSERTIONS = NO;
				ENABLE_STRICT_OBJC_MSGSEND = YES;
				ENABLE_USER_SCRIPT_SANDBOXING = YES;
				GCC_C_LANGUAGE_STANDARD = gnu17;
				GCC_NO_COMMON_BLOCKS = YES;
				GCC_WARN_64_TO_32_BIT_CONVERSION = YES;
				GCC_WARN_ABOUT_RETURN_TYPE = YES_ERROR;
				GCC_WARN_UNDECLARED_SELECTOR = YES;
				GCC_WARN_UNINITIALIZED_AUTOS = YES_AGGRESSIVE;
				GCC_WARN_UNUSED_FUNCTION = YES;
				GCC_WARN_UNUSED_VARIABLE = YES;
				IPHONEOS_DEPLOYMENT_TARGET = 17.5;
				LOCALIZATION_PREFERS_STRING_CATALOGS = YES;
				MTL_ENABLE_DEBUG_INFO = NO;
				MTL_FAST_MATH = YES;
				SDKROOT = iphoneos;
				SWIFT_COMPILATION_MODE = wholemodule;
				VALIDATE_PRODUCT = YES;
			};
			name = Release;
		};
		DBFA3D1B2C4E2F7700879D62 /* Debug */ = {
			isa = XCBuildConfiguration;
			buildSettings = {
				ASSETCATALOG_COMPILER_APPICON_NAME = AppIcon;
				ASSETCATALOG_COMPILER_GLOBAL_ACCENT_COLOR_NAME = AccentColor;
				CODE_SIGN_STYLE = Automatic;
				CURRENT_PROJECT_VERSION = 1;
				DEVELOPMENT_TEAM = 33954TLTAK;
				GENERATE_INFOPLIST_FILE = YES;
				INFOPLIST_FILE = MovieBookingApp/Info.plist;
				INFOPLIST_KEY_UIApplicationSupportsIndirectInputEvents = YES;
				INFOPLIST_KEY_UILaunchStoryboardName = LaunchScreen;
				INFOPLIST_KEY_UISupportedInterfaceOrientations_iPad = "UIInterfaceOrientationPortrait UIInterfaceOrientationPortraitUpsideDown UIInterfaceOrientationLandscapeLeft UIInterfaceOrientationLandscapeRight";
				INFOPLIST_KEY_UISupportedInterfaceOrientations_iPhone = "UIInterfaceOrientationPortrait UIInterfaceOrientationLandscapeLeft UIInterfaceOrientationLandscapeRight";
				LD_RUNPATH_SEARCH_PATHS = (
					"$(inherited)",
					"@executable_path/Frameworks",
				);
				MARKETING_VERSION = 1.0;
				PRODUCT_BUNDLE_IDENTIFIER = kr.co.example.MovieBookingApp;
				PRODUCT_NAME = "$(TARGET_NAME)";
				SWIFT_EMIT_LOC_STRINGS = YES;
				SWIFT_VERSION = 5.0;
				TARGETED_DEVICE_FAMILY = "1,2";
			};
			name = Debug;
		};
		DBFA3D1C2C4E2F7700879D62 /* Release */ = {
			isa = XCBuildConfiguration;
			buildSettings = {
				ASSETCATALOG_COMPILER_APPICON_NAME = AppIcon;
				ASSETCATALOG_COMPILER_GLOBAL_ACCENT_COLOR_NAME = AccentColor;
				CODE_SIGN_STYLE = Automatic;
				CURRENT_PROJECT_VERSION = 1;
				DEVELOPMENT_TEAM = 33954TLTAK;
				GENERATE_INFOPLIST_FILE = YES;
				INFOPLIST_FILE = MovieBookingApp/Info.plist;
				INFOPLIST_KEY_UIApplicationSupportsIndirectInputEvents = YES;
				INFOPLIST_KEY_UILaunchStoryboardName = LaunchScreen;
				INFOPLIST_KEY_UISupportedInterfaceOrientations_iPad = "UIInterfaceOrientationPortrait UIInterfaceOrientationPortraitUpsideDown UIInterfaceOrientationLandscapeLeft UIInterfaceOrientationLandscapeRight";
				INFOPLIST_KEY_UISupportedInterfaceOrientations_iPhone = "UIInterfaceOrientationPortrait UIInterfaceOrientationLandscapeLeft UIInterfaceOrientationLandscapeRight";
				LD_RUNPATH_SEARCH_PATHS = (
					"$(inherited)",
					"@executable_path/Frameworks",
				);
				MARKETING_VERSION = 1.0;
				PRODUCT_BUNDLE_IDENTIFIER = kr.co.example.MovieBookingApp;
				PRODUCT_NAME = "$(TARGET_NAME)";
				SWIFT_EMIT_LOC_STRINGS = YES;
				SWIFT_VERSION = 5.0;
				TARGETED_DEVICE_FAMILY = "1,2";
			};
			name = Release;
		};
/* End XCBuildConfiguration section */

/* Begin XCConfigurationList section */
		DBFA3CFE2C4E2F7600879D62 /* Build configuration list for PBXProject "MovieBookingApp" */ = {
			isa = XCConfigurationList;
			buildConfigurations = (
				DBFA3D182C4E2F7700879D62 /* Debug */,
				DBFA3D192C4E2F7700879D62 /* Release */,
			);
			defaultConfigurationIsVisible = 0;
			defaultConfigurationName = Release;
		};
		DBFA3D1A2C4E2F7700879D62 /* Build configuration list for PBXNativeTarget "MovieBookingApp" */ = {
			isa = XCConfigurationList;
			buildConfigurations = (
				DBFA3D1B2C4E2F7700879D62 /* Debug */,
				DBFA3D1C2C4E2F7700879D62 /* Release */,
			);
			defaultConfigurationIsVisible = 0;
			defaultConfigurationName = Release;
		};
/* End XCConfigurationList section */

/* Begin XCRemoteSwiftPackageReference section */
		E66C28112C4E433E00817406 /* XCRemoteSwiftPackageReference "SnapKit" */ = {
			isa = XCRemoteSwiftPackageReference;
			repositoryURL = "https://github.com/SnapKit/SnapKit.git";
			requirement = {
				kind = upToNextMajorVersion;
				minimumVersion = 5.7.1;
			};
		};
/* End XCRemoteSwiftPackageReference section */

/* Begin XCSwiftPackageProductDependency section */
		E66C28122C4E433E00817406 /* SnapKit */ = {
			isa = XCSwiftPackageProductDependency;
			package = E66C28112C4E433E00817406 /* XCRemoteSwiftPackageReference "SnapKit" */;
			productName = SnapKit;
		};
/* End XCSwiftPackageProductDependency section */

/* Begin XCVersionGroup section */
		DBFA3D0F2C4E2F7600879D62 /* MovieBookingApp.xcdatamodeld */ = {
			isa = XCVersionGroup;
			children = (
				DBFA3D102C4E2F7600879D62 /* MovieBookingApp.xcdatamodel */,
			);
			currentVersion = DBFA3D102C4E2F7600879D62 /* MovieBookingApp.xcdatamodel */;
			path = MovieBookingApp.xcdatamodeld;
			sourceTree = "<group>";
			versionGroupType = wrapper.xcdatamodel;
		};
/* End XCVersionGroup section */
	};
	rootObject = DBFA3CFB2C4E2F7600879D62 /* Project object */;
}
